// !$*UTF8*$!
{
	archiveVersion = 1;
	classes = {
	};
	objectVersion = 56;
	objects = {

/* Begin PBXBuildFile section */
		1A1A1A1A1A1A1A1A1A1A1A1A /* IsShePrettierApp.swift in Sources */ = {isa = PBXBuildFile; fileRef = 2B2B2B2B2B2B2B2B2B2B2B2B /* IsShePrettierApp.swift */; };
		89C91D8C2D7D844700B94C1C /* ChatStoryView.swift in Sources */ = {isa = PBXBuildFile; fileRef = 89C91D8B2D7D844700B94C1C /* ChatStoryView.swift */; };
		89C91D8E2D7D846E00B94C1C /* ComparisonView.swift in Sources */ = {isa = PBXBuildFile; fileRef = 89C91D8D2D7D846E00B94C1C /* ComparisonView.swift */; };
		89C91D902D7D849300B94C1C /* ContentView.swift in Sources */ = {isa = PBXBuildFile; fileRef = 89C91D8F2D7D849300B94C1C /* ContentView.swift */; };
		89C91D922D7D84A900B94C1C /* RevengePlanView.swift in Sources */ = {isa = PBXBuildFile; fileRef = 89C91D912D7D84A900B94C1C /* RevengePlanView.swift */; };
		89C91D942D7D84D000B94C1C /* ScoreAnalysisView.swift in Sources */ = {isa = PBXBuildFile; fileRef = 89C91D932D7D84D000B94C1C /* ScoreAnalysisView.swift */; };
/* End PBXBuildFile section */

/* Begin PBXFileReference section */
		1B1B1B1B1B1B1B1B1B1B1B1B /* isShePrettierThanMe.app */ = {isa = PBXFileReference; explicitFileType = wrapper.application; includeInIndex = 0; path = isShePrettierThanMe.app; sourceTree = BUILT_PRODUCTS_DIR; };
		2B2B2B2B2B2B2B2B2B2B2B2B /* IsShePrettierApp.swift */ = {isa = PBXFileReference; lastKnownFileType = sourcecode.swift; path = IsShePrettierApp.swift; sourceTree = "<group>"; };
		89C91D8B2D7D844700B94C1C /* ChatStoryView.swift */ = {isa = PBXFileReference; lastKnownFileType = sourcecode.swift; path = ChatStoryView.swift; sourceTree = "<group>"; };
		89C91D8D2D7D846E00B94C1C /* ComparisonView.swift */ = {isa = PBXFileReference; lastKnownFileType = sourcecode.swift; path = ComparisonView.swift; sourceTree = "<group>"; };
		89C91D8F2D7D849300B94C1C /* ContentView.swift */ = {isa = PBXFileReference; lastKnownFileType = sourcecode.swift; path = ContentView.swift; sourceTree = "<group>"; };
		89C91D912D7D84A900B94C1C /* RevengePlanView.swift */ = {isa = PBXFileReference; lastKnownFileType = sourcecode.swift; path = RevengePlanView.swift; sourceTree = "<group>"; };
		89C91D932D7D84D000B94C1C /* ScoreAnalysisView.swift */ = {isa = PBXFileReference; lastKnownFileType = sourcecode.swift; path = ScoreAnalysisView.swift; sourceTree = "<group>"; };
/* End PBXFileReference section */

/* Begin PBXFrameworksBuildPhase section */
		8B8B8B8B8B8B8B8B8B8B8B8B /* Frameworks */ = {
			isa = PBXFrameworksBuildPhase;
			buildActionMask = 2147483647;
			files = (
			);
			runOnlyForDeploymentPostprocessing = 0;
		};
/* End PBXFrameworksBuildPhase section */

/* Begin PBXGroup section */
		89C91D8A2D7D83CD00B94C1C /* New Group */ = {
			isa = PBXGroup;
			children = (
				89C91D8B2D7D844700B94C1C /* ChatStoryView.swift */,
				89C91D8D2D7D846E00B94C1C /* ComparisonView.swift */,
				89C91D8F2D7D849300B94C1C /* ContentView.swift */,
				89C91D912D7D84A900B94C1C /* RevengePlanView.swift */,
				89C91D932D7D84D000B94C1C /* ScoreAnalysisView.swift */,
			);
			path = "New Group";
			sourceTree = "<group>";
		};
		9B9B9B9B9B9B9B9B9B9B9B9B /* Products */ = {
			isa = PBXGroup;
			children = (
				1B1B1B1B1B1B1B1B1B1B1B1B /* isShePrettierThanMe.app */,
			);
			name = Products;
			sourceTree = "<group>";
		};
		ABABABABABABABABABABABAB /* Sources */ = {
			isa = PBXGroup;
			children = (
				89C91D8A2D7D83CD00B94C1C /* New Group */,
				2B2B2B2B2B2B2B2B2B2B2B2B /* IsShePrettierApp.swift */,
			);
			path = Sources;
			sourceTree = "<group>";
		};
		BBBBBBBBBBBBBBBBBBBBBBBB = {
			isa = PBXGroup;
			children = (
				ABABABABABABABABABABABAB /* Sources */,
				9B9B9B9B9B9B9B9B9B9B9B9B /* Products */,
			);
			sourceTree = "<group>";
		};
/* End PBXGroup section */

/* Begin PBXNativeTarget section */
		CCCCCCCCCCCCCCCCCCCCCCCC /* isShePrettierThanMe */ = {
			isa = PBXNativeTarget;
			buildConfigurationList = DDDDDDDDDDDDDDDDDDDDDDDD /* Build configuration list for PBXNativeTarget "isShePrettierThanMe" */;
			buildPhases = (
				EEEEEEEEEEEEEEEEEEEEEEEE /* Sources */,
				8B8B8B8B8B8B8B8B8B8B8B8B /* Frameworks */,
			);
			buildRules = (
			);
			dependencies = (
			);
			name = isShePrettierThanMe;
			productName = isShePrettierThanMe;
			productReference = 1B1B1B1B1B1B1B1B1B1B1B1B /* isShePrettierThanMe.app */;
			productType = "com.apple.product-type.application";
		};
/* End PBXNativeTarget section */

/* Begin PBXProject section */
		FFFFFFFFFFFFFFFFFFFF /* Project object */ = {
			isa = PBXProject;
			attributes = {
				LastSwiftUpdateCheck = 1500;
				LastUpgradeCheck = 1500;
				TargetAttributes = {
					CCCCCCCCCCCCCCCCCCCCCCCC = {
						CreatedOnToolsVersion = 15.0;
					};
				};
			};
			buildConfigurationList = 0000000000000000000000 /* Build configuration list for PBXProject "isShePrettierThanMe" */;
			compatibilityVersion = "Xcode 14.0";
			developmentRegion = en;
			hasScannedForEncodings = 0;
			knownRegions = (
				en,
				Base,
			);
			mainGroup = BBBBBBBBBBBBBBBBBBBBBBBB;
			productRefGroup = 9B9B9B9B9B9B9B9B9B9B9B9B /* Products */;
			projectDirPath = "";
			projectRoot = "";
			targets = (
				CCCCCCCCCCCCCCCCCCCCCCCC /* isShePrettierThanMe */,
			);
		};
/* End PBXProject section */

/* Begin PBXSourcesBuildPhase section */
		EEEEEEEEEEEEEEEEEEEEEEEE /* Sources */ = {
			isa = PBXSourcesBuildPhase;
			buildActionMask = 2147483647;
			files = (
				89C91D8E2D7D846E00B94C1C /* ComparisonView.swift in Sources */,
				1A1A1A1A1A1A1A1A1A1A1A1A /* IsShePrettierApp.swift in Sources */,
				89C91D902D7D849300B94C1C /* ContentView.swift in Sources */,
				89C91D942D7D84D000B94C1C /* ScoreAnalysisView.swift in Sources */,
				89C91D8C2D7D844700B94C1C /* ChatStoryView.swift in Sources */,
				89C91D922D7D84A900B94C1C /* RevengePlanView.swift in Sources */,
			);
			runOnlyForDeploymentPostprocessing = 0;
		};
/* End PBXSourcesBuildPhase section */

/* Begin XCBuildConfiguration section */
		1111111111111111111111 /* Debug */ = {
			isa = XCBuildConfiguration;
			buildSettings = {
				ALWAYS_SEARCH_USER_PATHS = NO;
				CLANG_ANALYZER_NONNULL = YES;
				CLANG_ANALYZER_NUMBER_OBJECT_CONVERSION = YES_AGGRESSIVE;
				CLANG_CXX_LANGUAGE_STANDARD = "gnu++20";
				CLANG_ENABLE_MODULES = YES;
				CLANG_ENABLE_OBJC_ARC = YES;
				CLANG_ENABLE_OBJC_WEAK = YES;
				CLANG_WARN_BLOCK_CAPTURE_AUTORELEASING = YES;
				CLANG_WARN_BOOL_CONVERSION = YES;
				CLANG_WARN_COMMA = YES;
				CLANG_WARN_CONSTANT_CONVERSION = YES;
				CLANG_WARN_DEPRECATED_OBJC_IMPLEMENTATIONS = YES;
				CLANG_WARN_DIRECT_OBJC_ISA_USAGE = YES_ERROR;
				CLANG_WARN_DOCUMENTATION_COMMENTS = YES;
				CLANG_WARN_EMPTY_BODY = YES;
				CLANG_WARN_ENUM_CONVERSION = YES;
				CLANG_WARN_INFINITE_RECURSION = YES;
				CLANG_WARN_INT_CONVERSION = YES;
				CLANG_WARN_NON_LITERAL_NULL_CONVERSION = YES;
				CLANG_WARN_OBJC_IMPLICIT_RETAIN_SELF = YES;
				CLANG_WARN_OBJC_LITERAL_CONVERSION = YES;
				CLANG_WARN_OBJC_ROOT_CLASS = YES_ERROR;
				CLANG_WARN_QUOTED_INCLUDE_IN_FRAMEWORK_HEADER = YES;
				CLANG_WARN_RANGE_LOOP_ANALYSIS = YES;
				CLANG_WARN_STRICT_PROTOTYPES = YES;
				CLANG_WARN_SUSPICIOUS_MOVE = YES;
				CLANG_WARN_UNGUARDED_AVAILABILITY = YES_AGGRESSIVE;
				CLANG_WARN_UNREACHABLE_CODE = YES;
				CLANG_WARN__DUPLICATE_METHOD_MATCH = YES;
				COPY_PHASE_STRIP = NO;
				DEBUG_INFORMATION_FORMAT = dwarf;
				ENABLE_STRICT_OBJC_MSGSEND = YES;
				ENABLE_TESTABILITY = YES;
				GCC_C_LANGUAGE_STANDARD = gnu11;
				GCC_DYNAMIC_NO_PIC = NO;
				GCC_NO_COMMON_BLOCKS = YES;
				GCC_OPTIMIZATION_LEVEL = 0;
				GCC_PREPROCESSOR_DEFINITIONS = (
					"DEBUG=1",
					"$(inherited)",
				);
				GCC_WARN_64_TO_32_BIT_CONVERSION = YES;
				GCC_WARN_ABOUT_RETURN_TYPE = YES_ERROR;
				GCC_WARN_UNDECLARED_SELECTOR = YES;
				GCC_WARN_UNINITIALIZED_AUTOS = YES_AGGRESSIVE;
				GCC_WARN_UNUSED_FUNCTION = YES;
				GCC_WARN_UNUSED_VARIABLE = YES;
				IPHONEOS_DEPLOYMENT_TARGET = 16.0;
				MTL_ENABLE_DEBUG_INFO = INCLUDE_SOURCE;
				MTL_FAST_MATH = YES;
				ONLY_ACTIVE_ARCH = YES;
				SDKROOT = iphoneos;
				SWIFT_ACTIVE_COMPILATION_CONDITIONS = DEBUG;
				SWIFT_OPTIMIZATION_LEVEL = "-Onone";
			};
			name = Debug;
		};
		2222222222222222222222 /* Release */ = {
			isa = XCBuildConfiguration;
			buildSettings = {
				ALWAYS_SEARCH_USER_PATHS = NO;
				CLANG_ANALYZER_NONNULL = YES;
				CLANG_ANALYZER_NUMBER_OBJECT_CONVERSION = YES_AGGRESSIVE;
				CLANG_CXX_LANGUAGE_STANDARD = "gnu++20";
				CLANG_ENABLE_MODULES = YES;
				CLANG_ENABLE_OBJC_ARC = YES;
				CLANG_ENABLE_OBJC_WEAK = YES;
				CLANG_WARN_BLOCK_CAPTURE_AUTORELEASING = YES;
				CLANG_WARN_BOOL_CONVERSION = YES;
				CLANG_WARN_COMMA = YES;
				CLANG_WARN_CONSTANT_CONVERSION = YES;
				CLANG_WARN_DEPRECATED_OBJC_IMPLEMENTATIONS = YES;
				CLANG_WARN_DIRECT_OBJC_ISA_USAGE = YES_ERROR;
				CLANG_WARN_DOCUMENTATION_COMMENTS = YES;
				CLANG_WARN_EMPTY_BODY = YES;
				CLANG_WARN_ENUM_CONVERSION = YES;
				CLANG_WARN_INFINITE_RECURSION = YES;
				CLANG_WARN_INT_CONVERSION = YES;
				CLANG_WARN_NON_LITERAL_NULL_CONVERSION = YES;
				CLANG_WARN_OBJC_IMPLICIT_RETAIN_SELF = YES;
				CLANG_WARN_OBJC_LITERAL_CONVERSION = YES;
				CLANG_WARN_OBJC_ROOT_CLASS = YES_ERROR;
				CLANG_WARN_QUOTED_INCLUDE_IN_FRAMEWORK_HEADER = YES;
				CLANG_WARN_RANGE_LOOP_ANALYSIS = YES;
				CLANG_WARN_STRICT_PROTOTYPES = YES;
				CLANG_WARN_SUSPICIOUS_MOVE = YES;
				CLANG_WARN_UNGUARDED_AVAILABILITY = YES_AGGRESSIVE;
				CLANG_WARN_UNREACHABLE_CODE = YES;
				CLANG_WARN__DUPLICATE_METHOD_MATCH = YES;
				COPY_PHASE_STRIP = NO;
				DEBUG_INFORMATION_FORMAT = "dwarf-with-dsym";
				ENABLE_NS_ASSERTIONS = NO;
				ENABLE_STRICT_OBJC_MSGSEND = YES;
				GCC_C_LANGUAGE_STANDARD = gnu11;
				GCC_NO_COMMON_BLOCKS = YES;
				GCC_WARN_64_TO_32_BIT_CONVERSION = YES;
				GCC_WARN_ABOUT_RETURN_TYPE = YES_ERROR;
				GCC_WARN_UNDECLARED_SELECTOR = YES;
				GCC_WARN_UNINITIALIZED_AUTOS = YES_AGGRESSIVE;
				GCC_WARN_UNUSED_FUNCTION = YES;
				GCC_WARN_UNUSED_VARIABLE = YES;
				IPHONEOS_DEPLOYMENT_TARGET = 16.0;
				MTL_ENABLE_DEBUG_INFO = NO;
				MTL_FAST_MATH = YES;
				SDKROOT = iphoneos;
				SWIFT_COMPILATION_MODE = wholemodule;
				SWIFT_OPTIMIZATION_LEVEL = "-O";
				VALIDATE_PRODUCT = YES;
			};
			name = Release;
		};
		3333333333333333333333 /* Debug */ = {
			isa = XCBuildConfiguration;
			buildSettings = {
				ASSETCATALOG_COMPILER_APPICON_NAME = AppIcon;
				ASSETCATALOG_COMPILER_GLOBAL_ACCENT_COLOR_NAME = AccentColor;
				CODE_SIGN_STYLE = Automatic;
				CURRENT_PROJECT_VERSION = 1;
				DEVELOPMENT_ASSET_PATHS = "";
				ENABLE_PREVIEWS = YES;
				GENERATE_INFOPLIST_FILE = YES;
				INFOPLIST_KEY_UIApplicationSceneManifest_Generation = YES;
				INFOPLIST_KEY_UIApplicationSupportsIndirectInputEvents = YES;
				INFOPLIST_KEY_UILaunchScreen_Generation = YES;
				INFOPLIST_KEY_UISupportedInterfaceOrientations_iPad = "UIInterfaceOrientationPortrait UIInterfaceOrientationPortraitUpsideDown UIInterfaceOrientationLandscapeLeft UIInterfaceOrientationLandscapeRight";
				INFOPLIST_KEY_UISupportedInterfaceOrientations_iPhone = "UIInterfaceOrientationPortrait UIInterfaceOrientationLandscapeLeft UIInterfaceOrientationLandscapeRight";
				LD_RUNPATH_SEARCH_PATHS = (
					"$(inherited)",
					"@executable_path/Frameworks",
				);
				MARKETING_VERSION = 1.0;
				PRODUCT_BUNDLE_IDENTIFIER = com.example.isShePrettierThanMe;
				PRODUCT_NAME = "$(TARGET_NAME)";
				SWIFT_EMIT_LOC_STRINGS = YES;
				SWIFT_VERSION = 5.0;
				TARGETED_DEVICE_FAMILY = "1,2";
			};
			name = Debug;
		};
		4444444444444444444444 /* Release */ = {
			isa = XCBuildConfiguration;
			buildSettings = {
				ASSETCATALOG_COMPILER_APPICON_NAME = AppIcon;
				ASSETCATALOG_COMPILER_GLOBAL_ACCENT_COLOR_NAME = AccentColor;
				CODE_SIGN_STYLE = Automatic;
				CURRENT_PROJECT_VERSION = 1;
				DEVELOPMENT_ASSET_PATHS = "";
				ENABLE_PREVIEWS = YES;
				GENERATE_INFOPLIST_FILE = YES;
				INFOPLIST_KEY_UIApplicationSceneManifest_Generation = YES;
				INFOPLIST_KEY_UIApplicationSupportsIndirectInputEvents = YES;
				INFOPLIST_KEY_UILaunchScreen_Generation = YES;
				INFOPLIST_KEY_UISupportedInterfaceOrientations_iPad = "UIInterfaceOrientationPortrait UIInterfaceOrientationPortraitUpsideDown UIInterfaceOrientationLandscapeLeft UIInterfaceOrientationLandscapeRight";
				INFOPLIST_KEY_UISupportedInterfaceOrientations_iPhone = "UIInterfaceOrientationPortrait UIInterfaceOrientationLandscapeLeft UIInterfaceOrientationLandscapeRight";
				LD_RUNPATH_SEARCH_PATHS = (
					"$(inherited)",
					"@executable_path/Frameworks",
				);
				MARKETING_VERSION = 1.0;
				PRODUCT_BUNDLE_IDENTIFIER = com.example.isShePrettierThanMe;
				PRODUCT_NAME = "$(TARGET_NAME)";
				SWIFT_EMIT_LOC_STRINGS = YES;
				SWIFT_VERSION = 5.0;
				TARGETED_DEVICE_FAMILY = "1,2";
			};
			name = Release;
		};
/* End XCBuildConfiguration section */

/* Begin XCConfigurationList section */
		0000000000000000000000 /* Build configuration list for PBXProject "isShePrettierThanMe" */ = {
			isa = XCConfigurationList;
			buildConfigurations = (
				1111111111111111111111 /* Debug */,
				2222222222222222222222 /* Release */,
			);
			defaultConfigurationIsVisible = 0;
			defaultConfigurationName = Release;
		};
		DDDDDDDDDDDDDDDDDDDDDDDD /* Build configuration list for PBXNativeTarget "isShePrettierThanMe" */ = {
			isa = XCConfigurationList;
			buildConfigurations = (
				3333333333333333333333 /* Debug */,
				4444444444444444444444 /* Release */,
			);
			defaultConfigurationIsVisible = 0;
			defaultConfigurationName = Release;
		};
/* End XCConfigurationList section */
	};
	rootObject = FFFFFFFFFFFFFFFFFFFF /* Project object */;
}
